
Microsoft Visual Studio Solution File, Format Version 12.00
# Visual Studio Version 17
VisualStudioVersion = 17.6.33815.320
MinimumVisualStudioVersion = 10.0.40219.1
Project("{54A90642-561A-4BB1-A94E-469ADEE60C69}") = "carfinder", "carfinder.esproj", "{CBDACF02-ED93-4B12-A2C0-522B9C1B055D}"
EndProject
Global
	GlobalSection(SolutionConfigurationPlatforms) = preSolution
		Debug|Any CPU = Debug|Any CPU
		Release|Any CPU = Release|Any CPU
	EndGlobalSection
	GlobalSection(ProjectConfigurationPlatforms) = postSolution
		{CBDACF02-ED93-4B12-A2C0-522B9C1B055D}.Debug|Any CPU.ActiveCfg = Debug|Any CPU
		{CBDACF02-ED93-4B12-A2C0-522B9C1B055D}.Debug|Any CPU.Build.0 = Debug|Any CPU
		{CBDACF02-ED93-4B12-A2C0-522B9C1B055D}.Debug|Any CPU.Deploy.0 = Debug|Any CPU
		{CBDACF02-ED93-4B12-A2C0-522B9C1B055D}.Release|Any CPU.ActiveCfg = Release|Any CPU
		{CBDACF02-ED93-4B12-A2C0-522B9C1B055D}.Release|Any CPU.Build.0 = Release|Any CPU
		{CBDACF02-ED93-4B12-A2C0-522B9C1B055D}.Release|Any CPU.Deploy.0 = Release|Any CPU
	EndGlobalSection
	GlobalSection(SolutionProperties) = preSolution
		HideSolutionNode = FALSE
	EndGlobalSection
	GlobalSection(ExtensibilityGlobals) = postSolution
		SolutionGuid = {21AB50E1-D417-4FFC-9422-2446584509A5}
	EndGlobalSection
EndGlobal
